// !$*UTF8*$!
{
	archiveVersion = 1;
	classes = {
	};
	objectVersion = 50;
	objects = {

/* Begin PBXBuildFile section */
		3A7BF9E925BF9E0600484274 /* AppDelegate.swift in Sources */ = {isa = PBXBuildFile; fileRef = 3A7BF9E825BF9E0600484274 /* AppDelegate.swift */; };
		3A7BF9EB25BF9E0600484274 /* SceneDelegate.swift in Sources */ = {isa = PBXBuildFile; fileRef = 3A7BF9EA25BF9E0600484274 /* SceneDelegate.swift */; };
		3A7BF9ED25BF9E0600484274 /* ViewController.swift in Sources */ = {isa = PBXBuildFile; fileRef = 3A7BF9EC25BF9E0600484274 /* ViewController.swift */; };
		3A7BF9F025BF9E0600484274 /* Main.storyboard in Resources */ = {isa = PBXBuildFile; fileRef = 3A7BF9EE25BF9E0600484274 /* Main.storyboard */; };
		3A7BF9F225BF9E0600484274 /* Assets.xcassets in Resources */ = {isa = PBXBuildFile; fileRef = 3A7BF9F125BF9E0600484274 /* Assets.xcassets */; };
		3A7BF9F525BF9E0600484274 /* LaunchScreen.storyboard in Resources */ = {isa = PBXBuildFile; fileRef = 3A7BF9F325BF9E0600484274 /* LaunchScreen.storyboard */; };
		3A7BFA0025BF9E0700484274 /* PreworkTests.swift in Sources */ = {isa = PBXBuildFile; fileRef = 3A7BF9FF25BF9E0700484274 /* PreworkTests.swift */; };
		3A7BFA0B25BF9E0700484274 /* PreworkUITests.swift in Sources */ = {isa = PBXBuildFile; fileRef = 3A7BFA0A25BF9E0700484274 /* PreworkUITests.swift */; };
/* End PBXBuildFile section */

/* Begin PBXContainerItemProxy section */
		3A7BF9FC25BF9E0700484274 /* PBXContainerItemProxy */ = {
			isa = PBXContainerItemProxy;
			containerPortal = 3A7BF9DD25BF9E0600484274 /* Project object */;
			proxyType = 1;
			remoteGlobalIDString = 3A7BF9E425BF9E0600484274;
			remoteInfo = Prework;
		};
		3A7BFA0725BF9E0700484274 /* PBXContainerItemProxy */ = {
			isa = PBXContainerItemProxy;
			containerPortal = 3A7BF9DD25BF9E0600484274 /* Project object */;
			proxyType = 1;
			remoteGlobalIDString = 3A7BF9E425BF9E0600484274;
			remoteInfo = Prework;
		};
/* End PBXContainerItemProxy section */

/* Begin PBXFileReference section */
		3A7BF9E525BF9E0600484274 /* Prework.app */ = {isa = PBXFileReference; explicitFileType = wrapper.application; includeInIndex = 0; path = Prework.app; sourceTree = BUILT_PRODUCTS_DIR; };
		3A7BF9E825BF9E0600484274 /* AppDelegate.swift */ = {isa = PBXFileReference; lastKnownFileType = sourcecode.swift; path = AppDelegate.swift; sourceTree = "<group>"; };
		3A7BF9EA25BF9E0600484274 /* SceneDelegate.swift */ = {isa = PBXFileReference; lastKnownFileType = sourcecode.swift; path = SceneDelegate.swift; sourceTree = "<group>"; };
		3A7BF9EC25BF9E0600484274 /* ViewController.swift */ = {isa = PBXFileReference; lastKnownFileType = sourcecode.swift; path = ViewController.swift; sourceTree = "<group>"; };
		3A7BF9EF25BF9E0600484274 /* Base */ = {isa = PBXFileReference; lastKnownFileType = file.storyboard; name = Base; path = Base.lproj/Main.storyboard; sourceTree = "<group>"; };
		3A7BF9F125BF9E0600484274 /* Assets.xcassets */ = {isa = PBXFileReference; lastKnownFileType = folder.assetcatalog; path = Assets.xcassets; sourceTree = "<group>"; };
		3A7BF9F425BF9E0600484274 /* Base */ = {isa = PBXFileReference; lastKnownFileType = file.storyboard; name = Base; path = Base.lproj/LaunchScreen.storyboard; sourceTree = "<group>"; };
		3A7BF9F625BF9E0600484274 /* Info.plist */ = {isa = PBXFileReference; lastKnownFileType = text.plist.xml; path = Info.plist; sourceTree = "<group>"; };
		3A7BF9FB25BF9E0700484274 /* PreworkTests.xctest */ = {isa = PBXFileReference; explicitFileType = wrapper.cfbundle; includeInIndex = 0; path = PreworkTests.xctest; sourceTree = BUILT_PRODUCTS_DIR; };
		3A7BF9FF25BF9E0700484274 /* PreworkTests.swift */ = {isa = PBXFileReference; lastKnownFileType = sourcecode.swift; path = PreworkTests.swift; sourceTree = "<group>"; };
		3A7BFA0125BF9E0700484274 /* Info.plist */ = {isa = PBXFileReference; lastKnownFileType = text.plist.xml; path = Info.plist; sourceTree = "<group>"; };
		3A7BFA0625BF9E0700484274 /* PreworkUITests.xctest */ = {isa = PBXFileReference; explicitFileType = wrapper.cfbundle; includeInIndex = 0; path = PreworkUITests.xctest; sourceTree = BUILT_PRODUCTS_DIR; };
		3A7BFA0A25BF9E0700484274 /* PreworkUITests.swift */ = {isa = PBXFileReference; lastKnownFileType = sourcecode.swift; path = PreworkUITests.swift; sourceTree = "<group>"; };
		3A7BFA0C25BF9E0700484274 /* Info.plist */ = {isa = PBXFileReference; lastKnownFileType = text.plist.xml; path = Info.plist; sourceTree = "<group>"; };
/* End PBXFileReference section */

/* Begin PBXFrameworksBuildPhase section */
		3A7BF9E225BF9E0600484274 /* Frameworks */ = {
			isa = PBXFrameworksBuildPhase;
			buildActionMask = 2147483647;
			files = (
			);
			runOnlyForDeploymentPostprocessing = 0;
		};
		3A7BF9F825BF9E0700484274 /* Frameworks */ = {
			isa = PBXFrameworksBuildPhase;
			buildActionMask = 2147483647;
			files = (
			);
			runOnlyForDeploymentPostprocessing = 0;
		};
		3A7BFA0325BF9E0700484274 /* Frameworks */ = {
			isa = PBXFrameworksBuildPhase;
			buildActionMask = 2147483647;
			files = (
			);
			runOnlyForDeploymentPostprocessing = 0;
		};
/* End PBXFrameworksBuildPhase section */

/* Begin PBXGroup section */
		3A7BF9DC25BF9E0600484274 = {
			isa = PBXGroup;
			children = (
				3A7BF9E725BF9E0600484274 /* Prework */,
				3A7BF9FE25BF9E0700484274 /* PreworkTests */,
				3A7BFA0925BF9E0700484274 /* PreworkUITests */,
				3A7BF9E625BF9E0600484274 /* Products */,
			);
			sourceTree = "<group>";
		};
		3A7BF9E625BF9E0600484274 /* Products */ = {
			isa = PBXGroup;
			children = (
				3A7BF9E525BF9E0600484274 /* Prework.app */,
				3A7BF9FB25BF9E0700484274 /* PreworkTests.xctest */,
				3A7BFA0625BF9E0700484274 /* PreworkUITests.xctest */,
			);
			name = Products;
			sourceTree = "<group>";
		};
		3A7BF9E725BF9E0600484274 /* Prework */ = {
			isa = PBXGroup;
			children = (
				3A7BF9E825BF9E0600484274 /* AppDelegate.swift */,
				3A7BF9EA25BF9E0600484274 /* SceneDelegate.swift */,
				3A7BF9EC25BF9E0600484274 /* ViewController.swift */,
				3A7BF9EE25BF9E0600484274 /* Main.storyboard */,
				3A7BF9F125BF9E0600484274 /* Assets.xcassets */,
				3A7BF9F325BF9E0600484274 /* LaunchScreen.storyboard */,
				3A7BF9F625BF9E0600484274 /* Info.plist */,
			);
			path = Prework;
			sourceTree = "<group>";
		};
		3A7BF9FE25BF9E0700484274 /* PreworkTests */ = {
			isa = PBXGroup;
			children = (
				3A7BF9FF25BF9E0700484274 /* PreworkTests.swift */,
				3A7BFA0125BF9E0700484274 /* Info.plist */,
			);
			path = PreworkTests;
			sourceTree = "<group>";
		};
		3A7BFA0925BF9E0700484274 /* PreworkUITests */ = {
			isa = PBXGroup;
			children = (
				3A7BFA0A25BF9E0700484274 /* PreworkUITests.swift */,
				3A7BFA0C25BF9E0700484274 /* Info.plist */,
			);
			path = PreworkUITests;
			sourceTree = "<group>";
		};
/* End PBXGroup section */

/* Begin PBXNativeTarget section */
		3A7BF9E425BF9E0600484274 /* Prework */ = {
			isa = PBXNativeTarget;
			buildConfigurationList = 3A7BFA0F25BF9E0700484274 /* Build configuration list for PBXNativeTarget "Prework" */;
			buildPhases = (
				3A7BF9E125BF9E0600484274 /* Sources */,
				3A7BF9E225BF9E0600484274 /* Frameworks */,
				3A7BF9E325BF9E0600484274 /* Resources */,
			);
			buildRules = (
			);
			dependencies = (
			);
			name = Prework;
			productName = Prework;
			productReference = 3A7BF9E525BF9E0600484274 /* Prework.app */;
			productType = "com.apple.product-type.application";
		};
		3A7BF9FA25BF9E0700484274 /* PreworkTests */ = {
			isa = PBXNativeTarget;
			buildConfigurationList = 3A7BFA1225BF9E0700484274 /* Build configuration list for PBXNativeTarget "PreworkTests" */;
			buildPhases = (
				3A7BF9F725BF9E0700484274 /* Sources */,
				3A7BF9F825BF9E0700484274 /* Frameworks */,
				3A7BF9F925BF9E0700484274 /* Resources */,
			);
			buildRules = (
			);
			dependencies = (
				3A7BF9FD25BF9E0700484274 /* PBXTargetDependency */,
			);
			name = PreworkTests;
			productName = PreworkTests;
			productReference = 3A7BF9FB25BF9E0700484274 /* PreworkTests.xctest */;
			productType = "com.apple.product-type.bundle.unit-test";
		};
		3A7BFA0525BF9E0700484274 /* PreworkUITests */ = {
			isa = PBXNativeTarget;
			buildConfigurationList = 3A7BFA1525BF9E0700484274 /* Build configuration list for PBXNativeTarget "PreworkUITests" */;
			buildPhases = (
				3A7BFA0225BF9E0700484274 /* Sources */,
				3A7BFA0325BF9E0700484274 /* Frameworks */,
				3A7BFA0425BF9E0700484274 /* Resources */,
			);
			buildRules = (
			);
			dependencies = (
				3A7BFA0825BF9E0700484274 /* PBXTargetDependency */,
			);
			name = PreworkUITests;
			productName = PreworkUITests;
			productReference = 3A7BFA0625BF9E0700484274 /* PreworkUITests.xctest */;
			productType = "com.apple.product-type.bundle.ui-testing";
		};
/* End PBXNativeTarget section */

/* Begin PBXProject section */
		3A7BF9DD25BF9E0600484274 /* Project object */ = {
			isa = PBXProject;
			attributes = {
				LastSwiftUpdateCheck = 1230;
				LastUpgradeCheck = 1230;
				TargetAttributes = {
					3A7BF9E425BF9E0600484274 = {
						CreatedOnToolsVersion = 12.3;
					};
					3A7BF9FA25BF9E0700484274 = {
						CreatedOnToolsVersion = 12.3;
						TestTargetID = 3A7BF9E425BF9E0600484274;
					};
					3A7BFA0525BF9E0700484274 = {
						CreatedOnToolsVersion = 12.3;
						TestTargetID = 3A7BF9E425BF9E0600484274;
					};
				};
			};
			buildConfigurationList = 3A7BF9E025BF9E0600484274 /* Build configuration list for PBXProject "Prework" */;
			compatibilityVersion = "Xcode 9.3";
			developmentRegion = en;
			hasScannedForEncodings = 0;
			knownRegions = (
				en,
				Base,
			);
			mainGroup = 3A7BF9DC25BF9E0600484274;
			productRefGroup = 3A7BF9E625BF9E0600484274 /* Products */;
			projectDirPath = "";
			projectRoot = "";
			targets = (
				3A7BF9E425BF9E0600484274 /* Prework */,
				3A7BF9FA25BF9E0700484274 /* PreworkTests */,
				3A7BFA0525BF9E0700484274 /* PreworkUITests */,
			);
		};
/* End PBXProject section */

/* Begin PBXResourcesBuildPhase section */
		3A7BF9E325BF9E0600484274 /* Resources */ = {
			isa = PBXResourcesBuildPhase;
			buildActionMask = 2147483647;
			files = (
				3A7BF9F525BF9E0600484274 /* LaunchScreen.storyboard in Resources */,
				3A7BF9F225BF9E0600484274 /* Assets.xcassets in Resources */,
				3A7BF9F025BF9E0600484274 /* Main.storyboard in Resources */,
			);
			runOnlyForDeploymentPostprocessing = 0;
		};
		3A7BF9F925BF9E0700484274 /* Resources */ = {
			isa = PBXResourcesBuildPhase;
			buildActionMask = 2147483647;
			files = (
			);
			runOnlyForDeploymentPostprocessing = 0;
		};
		3A7BFA0425BF9E0700484274 /* Resources */ = {
			isa = PBXResourcesBuildPhase;
			buildActionMask = 2147483647;
			files = (
			);
			runOnlyForDeploymentPostprocessing = 0;
		};
/* End PBXResourcesBuildPhase section */

/* Begin PBXSourcesBuildPhase section */
		3A7BF9E125BF9E0600484274 /* Sources */ = {
			isa = PBXSourcesBuildPhase;
			buildActionMask = 2147483647;
			files = (
				3A7BF9ED25BF9E0600484274 /* ViewController.swift in Sources */,
				3A7BF9E925BF9E0600484274 /* AppDelegate.swift in Sources */,
				3A7BF9EB25BF9E0600484274 /* SceneDelegate.swift in Sources */,
			);
			runOnlyForDeploymentPostprocessing = 0;
		};
		3A7BF9F725BF9E0700484274 /* Sources */ = {
			isa = PBXSourcesBuildPhase;
			buildActionMask = 2147483647;
			files = (
				3A7BFA0025BF9E0700484274 /* PreworkTests.swift in Sources */,
			);
			runOnlyForDeploymentPostprocessing = 0;
		};
		3A7BFA0225BF9E0700484274 /* Sources */ = {
			isa = PBXSourcesBuildPhase;
			buildActionMask = 2147483647;
			files = (
				3A7BFA0B25BF9E0700484274 /* PreworkUITests.swift in Sources */,
			);
			runOnlyForDeploymentPostprocessing = 0;
		};
/* End PBXSourcesBuildPhase section */

/* Begin PBXTargetDependency section */
		3A7BF9FD25BF9E0700484274 /* PBXTargetDependency */ = {
			isa = PBXTargetDependency;
			target = 3A7BF9E425BF9E0600484274 /* Prework */;
			targetProxy = 3A7BF9FC25BF9E0700484274 /* PBXContainerItemProxy */;
		};
		3A7BFA0825BF9E0700484274 /* PBXTargetDependency */ = {
			isa = PBXTargetDependency;
			target = 3A7BF9E425BF9E0600484274 /* Prework */;
			targetProxy = 3A7BFA0725BF9E0700484274 /* PBXContainerItemProxy */;
		};
/* End PBXTargetDependency section */

/* Begin PBXVariantGroup section */
		3A7BF9EE25BF9E0600484274 /* Main.storyboard */ = {
			isa = PBXVariantGroup;
			children = (
				3A7BF9EF25BF9E0600484274 /* Base */,
			);
			name = Main.storyboard;
			sourceTree = "<group>";
		};
		3A7BF9F325BF9E0600484274 /* LaunchScreen.storyboard */ = {
			isa = PBXVariantGroup;
			children = (
				3A7BF9F425BF9E0600484274 /* Base */,
			);
			name = LaunchScreen.storyboard;
			sourceTree = "<group>";
		};
/* End PBXVariantGroup section */

/* Begin XCBuildConfiguration section */
		3A7BFA0D25BF9E0700484274 /* Debug */ = {
			isa = XCBuildConfiguration;
			buildSettings = {
				ALWAYS_SEARCH_USER_PATHS = NO;
				CLANG_ANALYZER_NONNULL = YES;
				CLANG_ANALYZER_NUMBER_OBJECT_CONVERSION = YES_AGGRESSIVE;
				CLANG_CXX_LANGUAGE_STANDARD = "gnu++14";
				CLANG_CXX_LIBRARY = "libc++";
				CLANG_ENABLE_MODULES = YES;
				CLANG_ENABLE_OBJC_ARC = YES;
				CLANG_ENABLE_OBJC_WEAK = YES;
				CLANG_WARN_BLOCK_CAPTURE_AUTORELEASING = YES;
				CLANG_WARN_BOOL_CONVERSION = YES;
				CLANG_WARN_COMMA = YES;
				CLANG_WARN_CONSTANT_CONVERSION = YES;
				CLANG_WARN_DEPRECATED_OBJC_IMPLEMENTATIONS = YES;
				CLANG_WARN_DIRECT_OBJC_ISA_USAGE = YES_ERROR;
				CLANG_WARN_DOCUMENTATION_COMMENTS = YES;
				CLANG_WARN_EMPTY_BODY = YES;
				CLANG_WARN_ENUM_CONVERSION = YES;
				CLANG_WARN_INFINITE_RECURSION = YES;
				CLANG_WARN_INT_CONVERSION = YES;
				CLANG_WARN_NON_LITERAL_NULL_CONVERSION = YES;
				CLANG_WARN_OBJC_IMPLICIT_RETAIN_SELF = YES;
				CLANG_WARN_OBJC_LITERAL_CONVERSION = YES;
				CLANG_WARN_OBJC_ROOT_CLASS = YES_ERROR;
				CLANG_WARN_QUOTED_INCLUDE_IN_FRAMEWORK_HEADER = YES;
				CLANG_WARN_RANGE_LOOP_ANALYSIS = YES;
				CLANG_WARN_STRICT_PROTOTYPES = YES;
				CLANG_WARN_SUSPICIOUS_MOVE = YES;
				CLANG_WARN_UNGUARDED_AVAILABILITY = YES_AGGRESSIVE;
				CLANG_WARN_UNREACHABLE_CODE = YES;
				CLANG_WARN__DUPLICATE_METHOD_MATCH = YES;
				COPY_PHASE_STRIP = NO;
				DEBUG_INFORMATION_FORMAT = dwarf;
				ENABLE_STRICT_OBJC_MSGSEND = YES;
				ENABLE_TESTABILITY = YES;
				GCC_C_LANGUAGE_STANDARD = gnu11;
				GCC_DYNAMIC_NO_PIC = NO;
				GCC_NO_COMMON_BLOCKS = YES;
				GCC_OPTIMIZATION_LEVEL = 0;
				GCC_PREPROCESSOR_DEFINITIONS = (
					"DEBUG=1",
					"$(inherited)",
				);
				GCC_WARN_64_TO_32_BIT_CONVERSION = YES;
				GCC_WARN_ABOUT_RETURN_TYPE = YES_ERROR;
				GCC_WARN_UNDECLARED_SELECTOR = YES;
				GCC_WARN_UNINITIALIZED_AUTOS = YES_AGGRESSIVE;
				GCC_WARN_UNUSED_FUNCTION = YES;
				GCC_WARN_UNUSED_VARIABLE = YES;
				IPHONEOS_DEPLOYMENT_TARGET = 14.3;
				MTL_ENABLE_DEBUG_INFO = INCLUDE_SOURCE;
				MTL_FAST_MATH = YES;
				ONLY_ACTIVE_ARCH = YES;
				SDKROOT = iphoneos;
				SWIFT_ACTIVE_COMPILATION_CONDITIONS = DEBUG;
				SWIFT_OPTIMIZATION_LEVEL = "-Onone";
			};
			name = Debug;
		};
		3A7BFA0E25BF9E0700484274 /* Release */ = {
			isa = XCBuildConfiguration;
			buildSettings = {
				ALWAYS_SEARCH_USER_PATHS = NO;
				CLANG_ANALYZER_NONNULL = YES;
				CLANG_ANALYZER_NUMBER_OBJECT_CONVERSION = YES_AGGRESSIVE;
				CLANG_CXX_LANGUAGE_STANDARD = "gnu++14";
				CLANG_CXX_LIBRARY = "libc++";
				CLANG_ENABLE_MODULES = YES;
				CLANG_ENABLE_OBJC_ARC = YES;
				CLANG_ENABLE_OBJC_WEAK = YES;
				CLANG_WARN_BLOCK_CAPTURE_AUTORELEASING = YES;
				CLANG_WARN_BOOL_CONVERSION = YES;
				CLANG_WARN_COMMA = YES;
				CLANG_WARN_CONSTANT_CONVERSION = YES;
				CLANG_WARN_DEPRECATED_OBJC_IMPLEMENTATIONS = YES;
				CLANG_WARN_DIRECT_OBJC_ISA_USAGE = YES_ERROR;
				CLANG_WARN_DOCUMENTATION_COMMENTS = YES;
				CLANG_WARN_EMPTY_BODY = YES;
				CLANG_WARN_ENUM_CONVERSION = YES;
				CLANG_WARN_INFINITE_RECURSION = YES;
				CLANG_WARN_INT_CONVERSION = YES;
				CLANG_WARN_NON_LITERAL_NULL_CONVERSION = YES;
				CLANG_WARN_OBJC_IMPLICIT_RETAIN_SELF = YES;
				CLANG_WARN_OBJC_LITERAL_CONVERSION = YES;
				CLANG_WARN_OBJC_ROOT_CLASS = YES_ERROR;
				CLANG_WARN_QUOTED_INCLUDE_IN_FRAMEWORK_HEADER = YES;
				CLANG_WARN_RANGE_LOOP_ANALYSIS = YES;
				CLANG_WARN_STRICT_PROTOTYPES = YES;
				CLANG_WARN_SUSPICIOUS_MOVE = YES;
				CLANG_WARN_UNGUARDED_AVAILABILITY = YES_AGGRESSIVE;
				CLANG_WARN_UNREACHABLE_CODE = YES;
				CLANG_WARN__DUPLICATE_METHOD_MATCH = YES;
				COPY_PHASE_STRIP = NO;
				DEBUG_INFORMATION_FORMAT = "dwarf-with-dsym";
				ENABLE_NS_ASSERTIONS = NO;
				ENABLE_STRICT_OBJC_MSGSEND = YES;
				GCC_C_LANGUAGE_STANDARD = gnu11;
				GCC_NO_COMMON_BLOCKS = YES;
				GCC_WARN_64_TO_32_BIT_CONVERSION = YES;
				GCC_WARN_ABOUT_RETURN_TYPE = YES_ERROR;
				GCC_WARN_UNDECLARED_SELECTOR = YES;
				GCC_WARN_UNINITIALIZED_AUTOS = YES_AGGRESSIVE;
				GCC_WARN_UNUSED_FUNCTION = YES;
				GCC_WARN_UNUSED_VARIABLE = YES;
				IPHONEOS_DEPLOYMENT_TARGET = 14.3;
				MTL_ENABLE_DEBUG_INFO = NO;
				MTL_FAST_MATH = YES;
				SDKROOT = iphoneos;
				SWIFT_COMPILATION_MODE = wholemodule;
				SWIFT_OPTIMIZATION_LEVEL = "-O";
				VALIDATE_PRODUCT = YES;
			};
			name = Release;
		};
		3A7BFA1025BF9E0700484274 /* Debug */ = {
			isa = XCBuildConfiguration;
			buildSettings = {
				ASSETCATALOG_COMPILER_APPICON_NAME = AppIcon;
				ASSETCATALOG_COMPILER_GLOBAL_ACCENT_COLOR_NAME = AccentColor;
				CODE_SIGN_STYLE = Automatic;
				INFOPLIST_FILE = Prework/Info.plist;
				LD_RUNPATH_SEARCH_PATHS = (
					"$(inherited)",
					"@executable_path/Frameworks",
				);
				PRODUCT_BUNDLE_IDENTIFIER = memo.com.Prework;
				PRODUCT_NAME = "$(TARGET_NAME)";
				SWIFT_VERSION = 5.0;
				TARGETED_DEVICE_FAMILY = "1,2";
			};
			name = Debug;
		};
		3A7BFA1125BF9E0700484274 /* Release */ = {
			isa = XCBuildConfiguration;
			buildSettings = {
				ASSETCATALOG_COMPILER_APPICON_NAME = AppIcon;
				ASSETCATALOG_COMPILER_GLOBAL_ACCENT_COLOR_NAME = AccentColor;
				CODE_SIGN_STYLE = Automatic;
				INFOPLIST_FILE = Prework/Info.plist;
				LD_RUNPATH_SEARCH_PATHS = (
					"$(inherited)",
					"@executable_path/Frameworks",
				);
				PRODUCT_BUNDLE_IDENTIFIER = memo.com.Prework;
				PRODUCT_NAME = "$(TARGET_NAME)";
				SWIFT_VERSION = 5.0;
				TARGETED_DEVICE_FAMILY = "1,2";
			};
			name = Release;
		};
		3A7BFA1325BF9E0700484274 /* Debug */ = {
			isa = XCBuildConfiguration;
			buildSettings = {
				ALWAYS_EMBED_SWIFT_STANDARD_LIBRARIES = YES;
				BUNDLE_LOADER = "$(TEST_HOST)";
				CODE_SIGN_STYLE = Automatic;
				INFOPLIST_FILE = PreworkTests/Info.plist;
				IPHONEOS_DEPLOYMENT_TARGET = 14.3;
				LD_RUNPATH_SEARCH_PATHS = (
					"$(inherited)",
					"@executable_path/Frameworks",
					"@loader_path/Frameworks",
				);
				PRODUCT_BUNDLE_IDENTIFIER = memo.com.PreworkTests;
				PRODUCT_NAME = "$(TARGET_NAME)";
				SWIFT_VERSION = 5.0;
				TARGETED_DEVICE_FAMILY = "1,2";
				TEST_HOST = "$(BUILT_PRODUCTS_DIR)/Prework.app/Prework";
			};
			name = Debug;
		};
		3A7BFA1425BF9E0700484274 /* Release */ = {
			isa = XCBuildConfiguration;
			buildSettings = {
				ALWAYS_EMBED_SWIFT_STANDARD_LIBRARIES = YES;
				BUNDLE_LOADER = "$(TEST_HOST)";
				CODE_SIGN_STYLE = Automatic;
				INFOPLIST_FILE = PreworkTests/Info.plist;
				IPHONEOS_DEPLOYMENT_TARGET = 14.3;
				LD_RUNPATH_SEARCH_PATHS = (
					"$(inherited)",
					"@executable_path/Frameworks",
					"@loader_path/Frameworks",
				);
				PRODUCT_BUNDLE_IDENTIFIER = memo.com.PreworkTests;
				PRODUCT_NAME = "$(TARGET_NAME)";
				SWIFT_VERSION = 5.0;
				TARGETED_DEVICE_FAMILY = "1,2";
				TEST_HOST = "$(BUILT_PRODUCTS_DIR)/Prework.app/Prework";
			};
			name = Release;
		};
		3A7BFA1625BF9E0700484274 /* Debug */ = {
			isa = XCBuildConfiguration;
			buildSettings = {
				ALWAYS_EMBED_SWIFT_STANDARD_LIBRARIES = YES;
				CODE_SIGN_STYLE = Automatic;
				INFOPLIST_FILE = PreworkUITests/Info.plist;
				LD_RUNPATH_SEARCH_PATHS = (
					"$(inherited)",
					"@executable_path/Frameworks",
					"@loader_path/Frameworks",
				);
				PRODUCT_BUNDLE_IDENTIFIER = memo.com.PreworkUITests;
				PRODUCT_NAME = "$(TARGET_NAME)";
				SWIFT_VERSION = 5.0;
				TARGETED_DEVICE_FAMILY = "1,2";
				TEST_TARGET_NAME = Prework;
			};
			name = Debug;
		};
		3A7BFA1725BF9E0700484274 /* Release */ = {
			isa = XCBuildConfiguration;
			buildSettings = {
				ALWAYS_EMBED_SWIFT_STANDARD_LIBRARIES = YES;
				CODE_SIGN_STYLE = Automatic;
				INFOPLIST_FILE = PreworkUITests/Info.plist;
				LD_RUNPATH_SEARCH_PATHS = (
					"$(inherited)",
					"@executable_path/Frameworks",
					"@loader_path/Frameworks",
				);
				PRODUCT_BUNDLE_IDENTIFIER = memo.com.PreworkUITests;
				PRODUCT_NAME = "$(TARGET_NAME)";
				SWIFT_VERSION = 5.0;
				TARGETED_DEVICE_FAMILY = "1,2";
				TEST_TARGET_NAME = Prework;
			};
			name = Release;
		};
/* End XCBuildConfiguration section */

/* Begin XCConfigurationList section */
		3A7BF9E025BF9E0600484274 /* Build configuration list for PBXProject "Prework" */ = {
			isa = XCConfigurationList;
			buildConfigurations = (
				3A7BFA0D25BF9E0700484274 /* Debug */,
				3A7BFA0E25BF9E0700484274 /* Release */,
			);
			defaultConfigurationIsVisible = 0;
			defaultConfigurationName = Release;
		};
		3A7BFA0F25BF9E0700484274 /* Build configuration list for PBXNativeTarget "Prework" */ = {
			isa = XCConfigurationList;
			buildConfigurations = (
				3A7BFA1025BF9E0700484274 /* Debug */,
				3A7BFA1125BF9E0700484274 /* Release */,
			);
			defaultConfigurationIsVisible = 0;
			defaultConfigurationName = Release;
		};
		3A7BFA1225BF9E0700484274 /* Build configuration list for PBXNativeTarget "PreworkTests" */ = {
			isa = XCConfigurationList;
			buildConfigurations = (
				3A7BFA1325BF9E0700484274 /* Debug */,
				3A7BFA1425BF9E0700484274 /* Release */,
			);
			defaultConfigurationIsVisible = 0;
			defaultConfigurationName = Release;
		};
		3A7BFA1525BF9E0700484274 /* Build configuration list for PBXNativeTarget "PreworkUITests" */ = {
			isa = XCConfigurationList;
			buildConfigurations = (
				3A7BFA1625BF9E0700484274 /* Debug */,
				3A7BFA1725BF9E0700484274 /* Release */,
			);
			defaultConfigurationIsVisible = 0;
			defaultConfigurationName = Release;
		};
/* End XCConfigurationList section */
	};
	rootObject = 3A7BF9DD25BF9E0600484274 /* Project object */;
}
